// !$*UTF8*$!
{
	archiveVersion = 1;
	classes = {
	};
	objectVersion = 56;
	objects = {

/* Begin PBXBuildFile section */
		AA033BF12910BA9C0026A12C /* AppDelegate.swift in Sources */ = {isa = PBXBuildFile; fileRef = AA033BF02910BA9C0026A12C /* AppDelegate.swift */; };
		AA033BF32910BA9C0026A12C /* SceneDelegate.swift in Sources */ = {isa = PBXBuildFile; fileRef = AA033BF22910BA9C0026A12C /* SceneDelegate.swift */; };
		AA033BF52910BA9C0026A12C /* CvViewController.swift in Sources */ = {isa = PBXBuildFile; fileRef = AA033BF42910BA9C0026A12C /* CvViewController.swift */; };
		AA033BF82910BA9C0026A12C /* Main.storyboard in Resources */ = {isa = PBXBuildFile; fileRef = AA033BF62910BA9C0026A12C /* Main.storyboard */; };
		AA033BFB2910BA9C0026A12C /* CV.xcdatamodeld in Sources */ = {isa = PBXBuildFile; fileRef = AA033BF92910BA9C0026A12C /* CV.xcdatamodeld */; };
		AA033BFD2910BA9E0026A12C /* Assets.xcassets in Resources */ = {isa = PBXBuildFile; fileRef = AA033BFC2910BA9E0026A12C /* Assets.xcassets */; };
		AA033C002910BA9E0026A12C /* LaunchScreen.storyboard in Resources */ = {isa = PBXBuildFile; fileRef = AA033BFE2910BA9E0026A12C /* LaunchScreen.storyboard */; };
		AA27D3BD29136E2000FA866B /* ModelJobExperience.swift in Sources */ = {isa = PBXBuildFile; fileRef = AA27D3BC29136E2000FA866B /* ModelJobExperience.swift */; };
		AA27D3BF29137B1F00FA866B /* SaveData.swift in Sources */ = {isa = PBXBuildFile; fileRef = AA27D3BE29137B1F00FA866B /* SaveData.swift */; };
		AA53791E291C9CDA003B1AF0 /* FileManager.swift in Sources */ = {isa = PBXBuildFile; fileRef = AA53791D291C9CDA003B1AF0 /* FileManager.swift */; };
		AA63772C291219A700F61F94 /* EditCvViewController.swift in Sources */ = {isa = PBXBuildFile; fileRef = AA63772B291219A700F61F94 /* EditCvViewController.swift */; };
		AA63773129121F8D00F61F94 /* JobExperienceTableViewCell.swift in Sources */ = {isa = PBXBuildFile; fileRef = AA63772F29121F8D00F61F94 /* JobExperienceTableViewCell.swift */; };
		AA63773229121F8D00F61F94 /* JobExperienceTableViewCell.xib in Resources */ = {isa = PBXBuildFile; fileRef = AA63773029121F8D00F61F94 /* JobExperienceTableViewCell.xib */; };
		AA63773529121FAA00F61F94 /* SkillsCollectionViewCell.swift in Sources */ = {isa = PBXBuildFile; fileRef = AA63773329121FAA00F61F94 /* SkillsCollectionViewCell.swift */; };
		AA63773629121FAA00F61F94 /* SkillsCollectionViewCell.xib in Resources */ = {isa = PBXBuildFile; fileRef = AA63773429121FAA00F61F94 /* SkillsCollectionViewCell.xib */; };
/* End PBXBuildFile section */

/* Begin PBXFileReference section */
		AA033BED2910BA9C0026A12C /* CV.app */ = {isa = PBXFileReference; explicitFileType = wrapper.application; includeInIndex = 0; path = CV.app; sourceTree = BUILT_PRODUCTS_DIR; };
		AA033BF02910BA9C0026A12C /* AppDelegate.swift */ = {isa = PBXFileReference; lastKnownFileType = sourcecode.swift; path = AppDelegate.swift; sourceTree = "<group>"; };
		AA033BF22910BA9C0026A12C /* SceneDelegate.swift */ = {isa = PBXFileReference; lastKnownFileType = sourcecode.swift; path = SceneDelegate.swift; sourceTree = "<group>"; };
		AA033BF42910BA9C0026A12C /* CvViewController.swift */ = {isa = PBXFileReference; lastKnownFileType = sourcecode.swift; path = CvViewController.swift; sourceTree = "<group>"; };
		AA033BF72910BA9C0026A12C /* Base */ = {isa = PBXFileReference; lastKnownFileType = file.storyboard; name = Base; path = Base.lproj/Main.storyboard; sourceTree = "<group>"; };
		AA033BFA2910BA9C0026A12C /* CV.xcdatamodel */ = {isa = PBXFileReference; lastKnownFileType = wrapper.xcdatamodel; path = CV.xcdatamodel; sourceTree = "<group>"; };
		AA033BFC2910BA9E0026A12C /* Assets.xcassets */ = {isa = PBXFileReference; lastKnownFileType = folder.assetcatalog; path = Assets.xcassets; sourceTree = "<group>"; };
		AA033BFF2910BA9E0026A12C /* Base */ = {isa = PBXFileReference; lastKnownFileType = file.storyboard; name = Base; path = Base.lproj/LaunchScreen.storyboard; sourceTree = "<group>"; };
		AA033C012910BA9E0026A12C /* Info.plist */ = {isa = PBXFileReference; lastKnownFileType = text.plist.xml; path = Info.plist; sourceTree = "<group>"; };
		AA27D3BC29136E2000FA866B /* ModelJobExperience.swift */ = {isa = PBXFileReference; lastKnownFileType = sourcecode.swift; path = ModelJobExperience.swift; sourceTree = "<group>"; };
		AA27D3BE29137B1F00FA866B /* SaveData.swift */ = {isa = PBXFileReference; lastKnownFileType = sourcecode.swift; path = SaveData.swift; sourceTree = "<group>"; };
		AA53791D291C9CDA003B1AF0 /* FileManager.swift */ = {isa = PBXFileReference; lastKnownFileType = sourcecode.swift; path = FileManager.swift; sourceTree = "<group>"; };
		AA63772B291219A700F61F94 /* EditCvViewController.swift */ = {isa = PBXFileReference; lastKnownFileType = sourcecode.swift; path = EditCvViewController.swift; sourceTree = "<group>"; };
		AA63772F29121F8D00F61F94 /* JobExperienceTableViewCell.swift */ = {isa = PBXFileReference; lastKnownFileType = sourcecode.swift; path = JobExperienceTableViewCell.swift; sourceTree = "<group>"; };
		AA63773029121F8D00F61F94 /* JobExperienceTableViewCell.xib */ = {isa = PBXFileReference; lastKnownFileType = file.xib; path = JobExperienceTableViewCell.xib; sourceTree = "<group>"; };
		AA63773329121FAA00F61F94 /* SkillsCollectionViewCell.swift */ = {isa = PBXFileReference; lastKnownFileType = sourcecode.swift; path = SkillsCollectionViewCell.swift; sourceTree = "<group>"; };
		AA63773429121FAA00F61F94 /* SkillsCollectionViewCell.xib */ = {isa = PBXFileReference; lastKnownFileType = file.xib; path = SkillsCollectionViewCell.xib; sourceTree = "<group>"; };
/* End PBXFileReference section */

/* Begin PBXFrameworksBuildPhase section */
		AA033BEA2910BA9C0026A12C /* Frameworks */ = {
			isa = PBXFrameworksBuildPhase;
			buildActionMask = 2147483647;
			files = (
			);
			runOnlyForDeploymentPostprocessing = 0;
		};
/* End PBXFrameworksBuildPhase section */

/* Begin PBXGroup section */
		AA033BE42910BA9C0026A12C = {
			isa = PBXGroup;
			children = (
				AA033BEF2910BA9C0026A12C /* CV */,
				AA033BEE2910BA9C0026A12C /* Products */,
			);
			sourceTree = "<group>";
		};
		AA033BEE2910BA9C0026A12C /* Products */ = {
			isa = PBXGroup;
			children = (
				AA033BED2910BA9C0026A12C /* CV.app */,
			);
			name = Products;
			sourceTree = "<group>";
		};
		AA033BEF2910BA9C0026A12C /* CV */ = {
			isa = PBXGroup;
			children = (
				AA27D3BB29136DFC00FA866B /* Models */,
				AA63772D29121F2800F61F94 /* Job Experience Cell */,
				AA63772E29121F3900F61F94 /* Skills Cell */,
				AA033BF02910BA9C0026A12C /* AppDelegate.swift */,
				AA033BF22910BA9C0026A12C /* SceneDelegate.swift */,
				AA63772B291219A700F61F94 /* EditCvViewController.swift */,
				AA033BF42910BA9C0026A12C /* CvViewController.swift */,
				AA033BF62910BA9C0026A12C /* Main.storyboard */,
				AA033BFC2910BA9E0026A12C /* Assets.xcassets */,
				AA033BFE2910BA9E0026A12C /* LaunchScreen.storyboard */,
				AA033C012910BA9E0026A12C /* Info.plist */,
				AA033BF92910BA9C0026A12C /* CV.xcdatamodeld */,
			);
			path = CV;
			sourceTree = "<group>";
		};
		AA27D3BB29136DFC00FA866B /* Models */ = {
			isa = PBXGroup;
			children = (
				AA27D3BC29136E2000FA866B /* ModelJobExperience.swift */,
				AA27D3BE29137B1F00FA866B /* SaveData.swift */,
				AA53791D291C9CDA003B1AF0 /* FileManager.swift */,
			);
			path = Models;
			sourceTree = "<group>";
		};
		AA63772D29121F2800F61F94 /* Job Experience Cell */ = {
			isa = PBXGroup;
			children = (
				AA63772F29121F8D00F61F94 /* JobExperienceTableViewCell.swift */,
				AA63773029121F8D00F61F94 /* JobExperienceTableViewCell.xib */,
			);
			path = "Job Experience Cell";
			sourceTree = "<group>";
		};
		AA63772E29121F3900F61F94 /* Skills Cell */ = {
			isa = PBXGroup;
			children = (
				AA63773329121FAA00F61F94 /* SkillsCollectionViewCell.swift */,
				AA63773429121FAA00F61F94 /* SkillsCollectionViewCell.xib */,
			);
			path = "Skills Cell";
			sourceTree = "<group>";
		};
/* End PBXGroup section */

/* Begin PBXNativeTarget section */
		AA033BEC2910BA9C0026A12C /* CV */ = {
			isa = PBXNativeTarget;
			buildConfigurationList = AA033C042910BA9E0026A12C /* Build configuration list for PBXNativeTarget "CV" */;
			buildPhases = (
				AA033BE92910BA9C0026A12C /* Sources */,
				AA033BEA2910BA9C0026A12C /* Frameworks */,
				AA033BEB2910BA9C0026A12C /* Resources */,
			);
			buildRules = (
			);
			dependencies = (
			);
			name = CV;
			productName = CV;
			productReference = AA033BED2910BA9C0026A12C /* CV.app */;
			productType = "com.apple.product-type.application";
		};
/* End PBXNativeTarget section */

/* Begin PBXProject section */
		AA033BE52910BA9C0026A12C /* Project object */ = {
			isa = PBXProject;
			attributes = {
				BuildIndependentTargetsInParallel = 1;
				LastSwiftUpdateCheck = 1400;
				LastUpgradeCheck = 1400;
				TargetAttributes = {
					AA033BEC2910BA9C0026A12C = {
						CreatedOnToolsVersion = 14.0.1;
					};
				};
			};
			buildConfigurationList = AA033BE82910BA9C0026A12C /* Build configuration list for PBXProject "CV" */;
			compatibilityVersion = "Xcode 14.0";
			developmentRegion = en;
			hasScannedForEncodings = 0;
			knownRegions = (
				en,
				Base,
			);
			mainGroup = AA033BE42910BA9C0026A12C;
			productRefGroup = AA033BEE2910BA9C0026A12C /* Products */;
			projectDirPath = "";
			projectRoot = "";
			targets = (
				AA033BEC2910BA9C0026A12C /* CV */,
			);
		};
/* End PBXProject section */

/* Begin PBXResourcesBuildPhase section */
		AA033BEB2910BA9C0026A12C /* Resources */ = {
			isa = PBXResourcesBuildPhase;
			buildActionMask = 2147483647;
			files = (
				AA63773629121FAA00F61F94 /* SkillsCollectionViewCell.xib in Resources */,
				AA033C002910BA9E0026A12C /* LaunchScreen.storyboard in Resources */,
				AA63773229121F8D00F61F94 /* JobExperienceTableViewCell.xib in Resources */,
				AA033BFD2910BA9E0026A12C /* Assets.xcassets in Resources */,
				AA033BF82910BA9C0026A12C /* Main.storyboard in Resources */,
			);
			runOnlyForDeploymentPostprocessing = 0;
		};
/* End PBXResourcesBuildPhase section */

/* Begin PBXSourcesBuildPhase section */
		AA033BE92910BA9C0026A12C /* Sources */ = {
			isa = PBXSourcesBuildPhase;
			buildActionMask = 2147483647;
			files = (
				AA63773529121FAA00F61F94 /* SkillsCollectionViewCell.swift in Sources */,
				AA033BFB2910BA9C0026A12C /* CV.xcdatamodeld in Sources */,
				AA27D3BD29136E2000FA866B /* ModelJobExperience.swift in Sources */,
				AA033BF52910BA9C0026A12C /* CvViewController.swift in Sources */,
				AA27D3BF29137B1F00FA866B /* SaveData.swift in Sources */,
				AA53791E291C9CDA003B1AF0 /* FileManager.swift in Sources */,
				AA033BF12910BA9C0026A12C /* AppDelegate.swift in Sources */,
				AA63772C291219A700F61F94 /* EditCvViewController.swift in Sources */,
				AA63773129121F8D00F61F94 /* JobExperienceTableViewCell.swift in Sources */,
				AA033BF32910BA9C0026A12C /* SceneDelegate.swift in Sources */,
			);
			runOnlyForDeploymentPostprocessing = 0;
		};
/* End PBXSourcesBuildPhase section */

/* Begin PBXVariantGroup section */
		AA033BF62910BA9C0026A12C /* Main.storyboard */ = {
			isa = PBXVariantGroup;
			children = (
				AA033BF72910BA9C0026A12C /* Base */,
			);
			name = Main.storyboard;
			sourceTree = "<group>";
		};
		AA033BFE2910BA9E0026A12C /* LaunchScreen.storyboard */ = {
			isa = PBXVariantGroup;
			children = (
				AA033BFF2910BA9E0026A12C /* Base */,
			);
			name = LaunchScreen.storyboard;
			sourceTree = "<group>";
		};
/* End PBXVariantGroup section */

/* Begin XCBuildConfiguration section */
		AA033C022910BA9E0026A12C /* Debug */ = {
			isa = XCBuildConfiguration;
			buildSettings = {
				ALWAYS_SEARCH_USER_PATHS = NO;
				CLANG_ANALYZER_NONNULL = YES;
				CLANG_ANALYZER_NUMBER_OBJECT_CONVERSION = YES_AGGRESSIVE;
				CLANG_CXX_LANGUAGE_STANDARD = "gnu++20";
				CLANG_ENABLE_MODULES = YES;
				CLANG_ENABLE_OBJC_ARC = YES;
				CLANG_ENABLE_OBJC_WEAK = YES;
				CLANG_WARN_BLOCK_CAPTURE_AUTORELEASING = YES;
				CLANG_WARN_BOOL_CONVERSION = YES;
				CLANG_WARN_COMMA = YES;
				CLANG_WARN_CONSTANT_CONVERSION = YES;
				CLANG_WARN_DEPRECATED_OBJC_IMPLEMENTATIONS = YES;
				CLANG_WARN_DIRECT_OBJC_ISA_USAGE = YES_ERROR;
				CLANG_WARN_DOCUMENTATION_COMMENTS = YES;
				CLANG_WARN_EMPTY_BODY = YES;
				CLANG_WARN_ENUM_CONVERSION = YES;
				CLANG_WARN_INFINITE_RECURSION = YES;
				CLANG_WARN_INT_CONVERSION = YES;
				CLANG_WARN_NON_LITERAL_NULL_CONVERSION = YES;
				CLANG_WARN_OBJC_IMPLICIT_RETAIN_SELF = YES;
				CLANG_WARN_OBJC_LITERAL_CONVERSION = YES;
				CLANG_WARN_OBJC_ROOT_CLASS = YES_ERROR;
				CLANG_WARN_QUOTED_INCLUDE_IN_FRAMEWORK_HEADER = YES;
				CLANG_WARN_RANGE_LOOP_ANALYSIS = YES;
				CLANG_WARN_STRICT_PROTOTYPES = YES;
				CLANG_WARN_SUSPICIOUS_MOVE = YES;
				CLANG_WARN_UNGUARDED_AVAILABILITY = YES_AGGRESSIVE;
				CLANG_WARN_UNREACHABLE_CODE = YES;
				CLANG_WARN__DUPLICATE_METHOD_MATCH = YES;
				COPY_PHASE_STRIP = NO;
				DEBUG_INFORMATION_FORMAT = dwarf;
				ENABLE_STRICT_OBJC_MSGSEND = YES;
				ENABLE_TESTABILITY = YES;
				GCC_C_LANGUAGE_STANDARD = gnu11;
				GCC_DYNAMIC_NO_PIC = NO;
				GCC_NO_COMMON_BLOCKS = YES;
				GCC_OPTIMIZATION_LEVEL = 0;
				GCC_PREPROCESSOR_DEFINITIONS = (
					"DEBUG=1",
					"$(inherited)",
				);
				GCC_WARN_64_TO_32_BIT_CONVERSION = YES;
				GCC_WARN_ABOUT_RETURN_TYPE = YES_ERROR;
				GCC_WARN_UNDECLARED_SELECTOR = YES;
				GCC_WARN_UNINITIALIZED_AUTOS = YES_AGGRESSIVE;
				GCC_WARN_UNUSED_FUNCTION = YES;
				GCC_WARN_UNUSED_VARIABLE = YES;
				IPHONEOS_DEPLOYMENT_TARGET = 16.0;
				MTL_ENABLE_DEBUG_INFO = INCLUDE_SOURCE;
				MTL_FAST_MATH = YES;
				ONLY_ACTIVE_ARCH = YES;
				SDKROOT = iphoneos;
				SWIFT_ACTIVE_COMPILATION_CONDITIONS = DEBUG;
				SWIFT_OPTIMIZATION_LEVEL = "-Onone";
			};
			name = Debug;
		};
		AA033C032910BA9E0026A12C /* Release */ = {
			isa = XCBuildConfiguration;
			buildSettings = {
				ALWAYS_SEARCH_USER_PATHS = NO;
				CLANG_ANALYZER_NONNULL = YES;
				CLANG_ANALYZER_NUMBER_OBJECT_CONVERSION = YES_AGGRESSIVE;
				CLANG_CXX_LANGUAGE_STANDARD = "gnu++20";
				CLANG_ENABLE_MODULES = YES;
				CLANG_ENABLE_OBJC_ARC = YES;
				CLANG_ENABLE_OBJC_WEAK = YES;
				CLANG_WARN_BLOCK_CAPTURE_AUTORELEASING = YES;
				CLANG_WARN_BOOL_CONVERSION = YES;
				CLANG_WARN_COMMA = YES;
				CLANG_WARN_CONSTANT_CONVERSION = YES;
				CLANG_WARN_DEPRECATED_OBJC_IMPLEMENTATIONS = YES;
				CLANG_WARN_DIRECT_OBJC_ISA_USAGE = YES_ERROR;
				CLANG_WARN_DOCUMENTATION_COMMENTS = YES;
				CLANG_WARN_EMPTY_BODY = YES;
				CLANG_WARN_ENUM_CONVERSION = YES;
				CLANG_WARN_INFINITE_RECURSION = YES;
				CLANG_WARN_INT_CONVERSION = YES;
				CLANG_WARN_NON_LITERAL_NULL_CONVERSION = YES;
				CLANG_WARN_OBJC_IMPLICIT_RETAIN_SELF = YES;
				CLANG_WARN_OBJC_LITERAL_CONVERSION = YES;
				CLANG_WARN_OBJC_ROOT_CLASS = YES_ERROR;
				CLANG_WARN_QUOTED_INCLUDE_IN_FRAMEWORK_HEADER = YES;
				CLANG_WARN_RANGE_LOOP_ANALYSIS = YES;
				CLANG_WARN_STRICT_PROTOTYPES = YES;
				CLANG_WARN_SUSPICIOUS_MOVE = YES;
				CLANG_WARN_UNGUARDED_AVAILABILITY = YES_AGGRESSIVE;
				CLANG_WARN_UNREACHABLE_CODE = YES;
				CLANG_WARN__DUPLICATE_METHOD_MATCH = YES;
				COPY_PHASE_STRIP = NO;
				DEBUG_INFORMATION_FORMAT = "dwarf-with-dsym";
				ENABLE_NS_ASSERTIONS = NO;
				ENABLE_STRICT_OBJC_MSGSEND = YES;
				GCC_C_LANGUAGE_STANDARD = gnu11;
				GCC_NO_COMMON_BLOCKS = YES;
				GCC_WARN_64_TO_32_BIT_CONVERSION = YES;
				GCC_WARN_ABOUT_RETURN_TYPE = YES_ERROR;
				GCC_WARN_UNDECLARED_SELECTOR = YES;
				GCC_WARN_UNINITIALIZED_AUTOS = YES_AGGRESSIVE;
				GCC_WARN_UNUSED_FUNCTION = YES;
				GCC_WARN_UNUSED_VARIABLE = YES;
				IPHONEOS_DEPLOYMENT_TARGET = 16.0;
				MTL_ENABLE_DEBUG_INFO = NO;
				MTL_FAST_MATH = YES;
				SDKROOT = iphoneos;
				SWIFT_COMPILATION_MODE = wholemodule;
				SWIFT_OPTIMIZATION_LEVEL = "-O";
				VALIDATE_PRODUCT = YES;
			};
			name = Release;
		};
		AA033C052910BA9E0026A12C /* Debug */ = {
			isa = XCBuildConfiguration;
			buildSettings = {
				ASSETCATALOG_COMPILER_APPICON_NAME = AppIcon;
				ASSETCATALOG_COMPILER_GLOBAL_ACCENT_COLOR_NAME = AccentColor;
				CODE_SIGN_STYLE = Automatic;
				CURRENT_PROJECT_VERSION = 1;
				DEVELOPMENT_TEAM = 37N4V37H7B;
				GENERATE_INFOPLIST_FILE = YES;
				INFOPLIST_FILE = CV/Info.plist;
				INFOPLIST_KEY_UIApplicationSupportsIndirectInputEvents = YES;
				INFOPLIST_KEY_UILaunchStoryboardName = LaunchScreen;
				INFOPLIST_KEY_UIMainStoryboardFile = Main;
				INFOPLIST_KEY_UISupportedInterfaceOrientations = UIInterfaceOrientationPortrait;
				INFOPLIST_KEY_UISupportedInterfaceOrientations_iPad = "UIInterfaceOrientationLandscapeLeft UIInterfaceOrientationLandscapeRight UIInterfaceOrientationPortrait UIInterfaceOrientationPortraitUpsideDown";
				LD_RUNPATH_SEARCH_PATHS = (
					"$(inherited)",
					"@executable_path/Frameworks",
				);
				MARKETING_VERSION = 1.0;
				PRODUCT_BUNDLE_IDENTIFIER = "agency.six-o-two.CV";
				PRODUCT_NAME = "$(TARGET_NAME)";
				SUPPORTED_PLATFORMS = "iphoneos iphonesimulator";
				SUPPORTS_MACCATALYST = NO;
				SUPPORTS_MAC_DESIGNED_FOR_IPHONE_IPAD = YES;
				SWIFT_EMIT_LOC_STRINGS = YES;
				SWIFT_VERSION = 5.0;
				TARGETED_DEVICE_FAMILY = 1;
			};
			name = Debug;
		};
		AA033C062910BA9E0026A12C /* Release */ = {
			isa = XCBuildConfiguration;
			buildSettings = {
				ASSETCATALOG_COMPILER_APPICON_NAME = AppIcon;
				ASSETCATALOG_COMPILER_GLOBAL_ACCENT_COLOR_NAME = AccentColor;
				CODE_SIGN_STYLE = Automatic;
				CURRENT_PROJECT_VERSION = 1;
				DEVELOPMENT_TEAM = 37N4V37H7B;
				GENERATE_INFOPLIST_FILE = YES;
				INFOPLIST_FILE = CV/Info.plist;
				INFOPLIST_KEY_UIApplicationSupportsIndirectInputEvents = YES;
				INFOPLIST_KEY_UILaunchStoryboardName = LaunchScreen;
				INFOPLIST_KEY_UIMainStoryboardFile = Main;
				INFOPLIST_KEY_UISupportedInterfaceOrientations = UIInterfaceOrientationPortrait;
				INFOPLIST_KEY_UISupportedInterfaceOrientations_iPad = "UIInterfaceOrientationLandscapeLeft UIInterfaceOrientationLandscapeRight UIInterfaceOrientationPortrait UIInterfaceOrientationPortraitUpsideDown";
				LD_RUNPATH_SEARCH_PATHS = (
					"$(inherited)",
					"@executable_path/Frameworks",
				);
				MARKETING_VERSION = 1.0;
				PRODUCT_BUNDLE_IDENTIFIER = "agency.six-o-two.CV";
				PRODUCT_NAME = "$(TARGET_NAME)";
				SUPPORTED_PLATFORMS = "iphoneos iphonesimulator";
				SUPPORTS_MACCATALYST = NO;
				SUPPORTS_MAC_DESIGNED_FOR_IPHONE_IPAD = YES;
				SWIFT_EMIT_LOC_STRINGS = YES;
				SWIFT_VERSION = 5.0;
				TARGETED_DEVICE_FAMILY = 1;
			};
			name = Release;
		};
/* End XCBuildConfiguration section */

/* Begin XCConfigurationList section */
		AA033BE82910BA9C0026A12C /* Build configuration list for PBXProject "CV" */ = {
			isa = XCConfigurationList;
			buildConfigurations = (
				AA033C022910BA9E0026A12C /* Debug */,
				AA033C032910BA9E0026A12C /* Release */,
			);
			defaultConfigurationIsVisible = 0;
			defaultConfigurationName = Release;
		};
		AA033C042910BA9E0026A12C /* Build configuration list for PBXNativeTarget "CV" */ = {
			isa = XCConfigurationList;
			buildConfigurations = (
				AA033C052910BA9E0026A12C /* Debug */,
				AA033C062910BA9E0026A12C /* Release */,
			);
			defaultConfigurationIsVisible = 0;
			defaultConfigurationName = Release;
		};
/* End XCConfigurationList section */

/* Begin XCVersionGroup section */
		AA033BF92910BA9C0026A12C /* CV.xcdatamodeld */ = {
			isa = XCVersionGroup;
			children = (
				AA033BFA2910BA9C0026A12C /* CV.xcdatamodel */,
			);
			currentVersion = AA033BFA2910BA9C0026A12C /* CV.xcdatamodel */;
			path = CV.xcdatamodeld;
			sourceTree = "<group>";
			versionGroupType = wrapper.xcdatamodel;
		};
/* End XCVersionGroup section */
	};
	rootObject = AA033BE52910BA9C0026A12C /* Project object */;
}
